
Microsoft Visual Studio Solution File, Format Version 12.00
# Visual Studio Version 17
VisualStudioVersion = 17.3.32901.215
MinimumVisualStudioVersion = 10.0.40219.1
Project("{888888A0-9F3D-457C-B088-3A5042F75D52}") = "Tutorial_multiproces", "Tutorial_multiproces.pyproj", "{A66B3720-C34A-4715-A8C9-353C5F9D3F0A}"
EndProject
Global
	GlobalSection(SolutionConfigurationPlatforms) = preSolution
		Debug|Any CPU = Debug|Any CPU
		Release|Any CPU = Release|Any CPU
	EndGlobalSection
	GlobalSection(ProjectConfigurationPlatforms) = postSolution
		{A66B3720-C34A-4715-A8C9-353C5F9D3F0A}.Debug|Any CPU.ActiveCfg = Debug|Any CPU
		{A66B3720-C34A-4715-A8C9-353C5F9D3F0A}.Release|Any CPU.ActiveCfg = Release|Any CPU
	EndGlobalSection
	GlobalSection(SolutionProperties) = preSolution
		HideSolutionNode = FALSE
	EndGlobalSection
	GlobalSection(ExtensibilityGlobals) = postSolution
		SolutionGuid = {97E58259-3CD0-4D94-834A-03C60F8061FC}
	EndGlobalSection
EndGlobal
